
Microsoft Visual Studio Solution File, Format Version 12.00
# Visual Studio Version 16
VisualStudioVersion = 16.0.31205.134
MinimumVisualStudioVersion = 10.0.40219.1
Project("{FAE04EC0-301F-11D3-BF4B-00C04F79EFBC}") = "BlogApp.UI", "BlogApp.UI\BlogApp.UI.csproj", "{9F489DDA-9092-4472-8B67-1A4024F54D24}"
EndProject
Project("{FAE04EC0-301F-11D3-BF4B-00C04F79EFBC}") = "BLL", "BLL\BLL.csproj", "{1A168B66-B111-4AD6-8F5A-F5081EEC644A}"
EndProject
Project("{FAE04EC0-301F-11D3-BF4B-00C04F79EFBC}") = "DAL", "DAL\DAL.csproj", "{6BFA9692-C7B2-4B56-BFB6-BF5D5D007075}"
EndProject
Project("{FAE04EC0-301F-11D3-BF4B-00C04F79EFBC}") = "BlogAppHost", "BlogAppHost\BlogAppHost.csproj", "{22990EAA-53DA-4E3D-B79C-FDDC63AD6B7C}"
EndProject
Project("{FAE04EC0-301F-11D3-BF4B-00C04F79EFBC}") = "TestDateBase", "TestDateBase\TestDateBase.csproj", "{0DDF7738-D708-46C9-B3DD-CE16CAE2DFC0}"
EndProject
Global
	GlobalSection(SolutionConfigurationPlatforms) = preSolution
		Debug|Any CPU = Debug|Any CPU
		Release|Any CPU = Release|Any CPU
	EndGlobalSection
	GlobalSection(ProjectConfigurationPlatforms) = postSolution
		{9F489DDA-9092-4472-8B67-1A4024F54D24}.Debug|Any CPU.ActiveCfg = Debug|Any CPU
		{9F489DDA-9092-4472-8B67-1A4024F54D24}.Debug|Any CPU.Build.0 = Debug|Any CPU
		{9F489DDA-9092-4472-8B67-1A4024F54D24}.Release|Any CPU.ActiveCfg = Release|Any CPU
		{9F489DDA-9092-4472-8B67-1A4024F54D24}.Release|Any CPU.Build.0 = Release|Any CPU
		{1A168B66-B111-4AD6-8F5A-F5081EEC644A}.Debug|Any CPU.ActiveCfg = Debug|Any CPU
		{1A168B66-B111-4AD6-8F5A-F5081EEC644A}.Debug|Any CPU.Build.0 = Debug|Any CPU
		{1A168B66-B111-4AD6-8F5A-F5081EEC644A}.Release|Any CPU.ActiveCfg = Release|Any CPU
		{1A168B66-B111-4AD6-8F5A-F5081EEC644A}.Release|Any CPU.Build.0 = Release|Any CPU
		{6BFA9692-C7B2-4B56-BFB6-BF5D5D007075}.Debug|Any CPU.ActiveCfg = Debug|Any CPU
		{6BFA9692-C7B2-4B56-BFB6-BF5D5D007075}.Debug|Any CPU.Build.0 = Debug|Any CPU
		{6BFA9692-C7B2-4B56-BFB6-BF5D5D007075}.Release|Any CPU.ActiveCfg = Release|Any CPU
		{6BFA9692-C7B2-4B56-BFB6-BF5D5D007075}.Release|Any CPU.Build.0 = Release|Any CPU
		{22990EAA-53DA-4E3D-B79C-FDDC63AD6B7C}.Debug|Any CPU.ActiveCfg = Debug|Any CPU
		{22990EAA-53DA-4E3D-B79C-FDDC63AD6B7C}.Debug|Any CPU.Build.0 = Debug|Any CPU
		{22990EAA-53DA-4E3D-B79C-FDDC63AD6B7C}.Release|Any CPU.ActiveCfg = Release|Any CPU
		{22990EAA-53DA-4E3D-B79C-FDDC63AD6B7C}.Release|Any CPU.Build.0 = Release|Any CPU
		{0DDF7738-D708-46C9-B3DD-CE16CAE2DFC0}.Debug|Any CPU.ActiveCfg = Debug|Any CPU
		{0DDF7738-D708-46C9-B3DD-CE16CAE2DFC0}.Debug|Any CPU.Build.0 = Debug|Any CPU
		{0DDF7738-D708-46C9-B3DD-CE16CAE2DFC0}.Release|Any CPU.ActiveCfg = Release|Any CPU
		{0DDF7738-D708-46C9-B3DD-CE16CAE2DFC0}.Release|Any CPU.Build.0 = Release|Any CPU
	EndGlobalSection
	GlobalSection(SolutionProperties) = preSolution
		HideSolutionNode = FALSE
	EndGlobalSection
	GlobalSection(ExtensibilityGlobals) = postSolution
		SolutionGuid = {05598F9C-6949-4331-9BAF-DFCF85EFB483}
	EndGlobalSection
EndGlobal
